
Microsoft Visual Studio Solution File, Format Version 12.00
# Visual Studio Version 17
VisualStudioVersion = 17.10.34928.147
MinimumVisualStudioVersion = 10.0.40219.1
Project("{FAE04EC0-301F-11D3-BF4B-00C04F79EFBC}") = "BlobStorage", "BlobStorage\BlobStorage.csproj", "{9473D8C2-ACB8-4B5E-90DA-A90B1265F731}"
EndProject
Global
	GlobalSection(SolutionConfigurationPlatforms) = preSolution
		Debug|Any CPU = Debug|Any CPU
		Release|Any CPU = Release|Any CPU
	EndGlobalSection
	GlobalSection(ProjectConfigurationPlatforms) = postSolution
		{9473D8C2-ACB8-4B5E-90DA-A90B1265F731}.Debug|Any CPU.ActiveCfg = Debug|Any CPU
		{9473D8C2-ACB8-4B5E-90DA-A90B1265F731}.Debug|Any CPU.Build.0 = Debug|Any CPU
		{9473D8C2-ACB8-4B5E-90DA-A90B1265F731}.Release|Any CPU.ActiveCfg = Release|Any CPU
		{9473D8C2-ACB8-4B5E-90DA-A90B1265F731}.Release|Any CPU.Build.0 = Release|Any CPU
	EndGlobalSection
	GlobalSection(SolutionProperties) = preSolution
		HideSolutionNode = FALSE
	EndGlobalSection
	GlobalSection(ExtensibilityGlobals) = postSolution
		SolutionGuid = {E6F2FA54-ACEF-46A5-BB12-6148D72FDBFB}
	EndGlobalSection
EndGlobal
